
Microsoft Visual Studio Solution File, Format Version 12.00
# Visual Studio Version 17
VisualStudioVersion = 17.10.35027.167
MinimumVisualStudioVersion = 10.0.40219.1
Project("{FAE04EC0-301F-11D3-BF4B-00C04F79EFBC}") = "CertEx_Team", "CertEx_Team\CertEx_Team.csproj", "{D82C2CC8-9521-4D40-8B48-F3E3B4207411}"
EndProject
Global
	GlobalSection(SolutionConfigurationPlatforms) = preSolution
		Debug|Any CPU = Debug|Any CPU
		Release|Any CPU = Release|Any CPU
	EndGlobalSection
	GlobalSection(ProjectConfigurationPlatforms) = postSolution
		{D82C2CC8-9521-4D40-8B48-F3E3B4207411}.Debug|Any CPU.ActiveCfg = Debug|Any CPU
		{D82C2CC8-9521-4D40-8B48-F3E3B4207411}.Debug|Any CPU.Build.0 = Debug|Any CPU
		{D82C2CC8-9521-4D40-8B48-F3E3B4207411}.Release|Any CPU.ActiveCfg = Release|Any CPU
		{D82C2CC8-9521-4D40-8B48-F3E3B4207411}.Release|Any CPU.Build.0 = Release|Any CPU
	EndGlobalSection
	GlobalSection(SolutionProperties) = preSolution
		HideSolutionNode = FALSE
	EndGlobalSection
	GlobalSection(ExtensibilityGlobals) = postSolution
		SolutionGuid = {C4E3B270-7C5B-4349-B641-D343D20F3AD9}
	EndGlobalSection
EndGlobal
